
Microsoft Visual Studio Solution File, Format Version 12.00
# Visual Studio Version 17
VisualStudioVersion = 17.2.32630.192
MinimumVisualStudioVersion = 10.0.40219.1
Project("{54A90642-561A-4BB1-A94E-469ADEE60C69}") = "frontend", "frontend\frontend.esproj", "{C8E2298C-DD5E-4AA3-8E9F-8E4F535F5EAC}"
EndProject
Project("{9A19103F-16F7-4668-BE54-9A1E7A4F7556}") = "Backend", "Backend\Backend.csproj", "{4A5BD882-1040-4052-A92D-3B650C060007}"
EndProject
Global
	GlobalSection(SolutionConfigurationPlatforms) = preSolution
		Debug|Any CPU = Debug|Any CPU
		Release|Any CPU = Release|Any CPU
	EndGlobalSection
	GlobalSection(ProjectConfigurationPlatforms) = postSolution
		{C8E2298C-DD5E-4AA3-8E9F-8E4F535F5EAC}.Debug|Any CPU.ActiveCfg = Debug|Any CPU
		{C8E2298C-DD5E-4AA3-8E9F-8E4F535F5EAC}.Debug|Any CPU.Build.0 = Debug|Any CPU
		{C8E2298C-DD5E-4AA3-8E9F-8E4F535F5EAC}.Debug|Any CPU.Deploy.0 = Debug|Any CPU
		{C8E2298C-DD5E-4AA3-8E9F-8E4F535F5EAC}.Release|Any CPU.ActiveCfg = Release|Any CPU
		{C8E2298C-DD5E-4AA3-8E9F-8E4F535F5EAC}.Release|Any CPU.Build.0 = Release|Any CPU
		{C8E2298C-DD5E-4AA3-8E9F-8E4F535F5EAC}.Release|Any CPU.Deploy.0 = Release|Any CPU
		{4A5BD882-1040-4052-A92D-3B650C060007}.Debug|Any CPU.ActiveCfg = Debug|Any CPU
		{4A5BD882-1040-4052-A92D-3B650C060007}.Debug|Any CPU.Build.0 = Debug|Any CPU
		{4A5BD882-1040-4052-A92D-3B650C060007}.Release|Any CPU.ActiveCfg = Release|Any CPU
		{4A5BD882-1040-4052-A92D-3B650C060007}.Release|Any CPU.Build.0 = Release|Any CPU
	EndGlobalSection
	GlobalSection(SolutionProperties) = preSolution
		HideSolutionNode = FALSE
	EndGlobalSection
	GlobalSection(ExtensibilityGlobals) = postSolution
		SolutionGuid = {6FD389C0-19F3-4BB6-88D9-038C2D75CA0F}
	EndGlobalSection
EndGlobal
